
Microsoft Visual Studio Solution File, Format Version 12.00
# Visual Studio 2013
VisualStudioVersion = 12.0.21005.1
MinimumVisualStudioVersion = 10.0.40219.1
Project("{FAE04EC0-301F-11D3-BF4B-00C04F79EFBC}") = "ToolsGenMenu", "ToolsGenMenu\ToolsGenMenu.csproj", "{1E4391BB-1BAA-4B3A-BCFD-3746387509E5}"
EndProject
Project("{FAE04EC0-301F-11D3-BF4B-00C04F79EFBC}") = "WinConsCatalogoSabNet", "WinConsCatalogoSabNet\WinConsCatalogoSabNet.csproj", "{7DE8DE11-4057-460F-878F-68BE3B3F4874}"
EndProject
Project("{FAE04EC0-301F-11D3-BF4B-00C04F79EFBC}") = "Utilities", "..\CleanDirectory\Utilities\Utilities.csproj", "{01EEF488-28F5-46FD-9BCC-870975EF305B}"
EndProject
Project("{FAE04EC0-301F-11D3-BF4B-00C04F79EFBC}") = "WinGenCallSps", "WinGenCallSps\WinGenCallSps.csproj", "{9F809633-0C6D-49FB-933A-A7569F78C164}"
EndProject
Project("{FAE04EC0-301F-11D3-BF4B-00C04F79EFBC}") = "WinXmlToSqlInvoker", "WinXmlToSqlInvoker\WinXmlToSqlInvoker.csproj", "{2E45E715-7100-4947-8EDD-AB9361AA5E22}"
EndProject
Project("{FAE04EC0-301F-11D3-BF4B-00C04F79EFBC}") = "WinBitacoraServ", "WinBitacoraServ\WinBitacoraServ.csproj", "{96A47353-EDD6-4376-91A6-B6A2EAFAB8A9}"
EndProject
Project("{FAE04EC0-301F-11D3-BF4B-00C04F79EFBC}") = "WinEntityAccesors", "WinEntityAccesors\WinEntityAccesors.csproj", "{5650B21D-7B33-4E46-A956-0B78DAEB184F}"
EndProject
Project("{FAE04EC0-301F-11D3-BF4B-00C04F79EFBC}") = "WinDataWorkBench", "WinDataWorkBench\WinDataWorkBench.csproj", "{58B6795A-2FA3-484E-8B5B-20CCC22EC24B}"
EndProject
Project("{FAE04EC0-301F-11D3-BF4B-00C04F79EFBC}") = "WinSABDashBoard", "WinSABDashBoard\WinSABDashBoard.csproj", "{EFADEBF2-8B81-4A3A-A4F6-0F42CE2E8050}"
EndProject
Project("{FAE04EC0-301F-11D3-BF4B-00C04F79EFBC}") = "WinTraverseXml", "WinTraverseXml\WinTraverseXml.csproj", "{461CE147-1D23-40BD-9C4D-CB40A7FCCD81}"
EndProject
Project("{FAE04EC0-301F-11D3-BF4B-00C04F79EFBC}") = "GenMenuBE", "GenMenuBE\GenMenuBE.csproj", "{8A2FC0B2-E839-4ED7-AFBD-0DE894DC2465}"
EndProject
Project("{FAE04EC0-301F-11D3-BF4B-00C04F79EFBC}") = "TestPanel", "TestPanel\TestPanel.csproj", "{E78E21E9-A289-4EBA-A647-37505AB71179}"
EndProject
Project("{FAE04EC0-301F-11D3-BF4B-00C04F79EFBC}") = "WinServiceCatalog", "WinServiceCatalog\WinServiceCatalog.csproj", "{EB3D66F1-1078-4253-9757-4A395693F19D}"
EndProject
Project("{FAE04EC0-301F-11D3-BF4B-00C04F79EFBC}") = "AppBE", "AppBE\AppBE.csproj", "{D06A5205-3AE2-4775-AD9B-BCF346726DE6}"
EndProject
Project("{FAE04EC0-301F-11D3-BF4B-00C04F79EFBC}") = "AppBL", "AppBL\AppBL.csproj", "{68F84D9B-981C-4DA2-A777-FEA6D49D36C9}"
EndProject
Project("{FAE04EC0-301F-11D3-BF4B-00C04F79EFBC}") = "AppDL", "AppDL\AppDL.csproj", "{4C2E62C5-77AE-4934-A35D-E6C144FF70DA}"
EndProject
Project("{FAE04EC0-301F-11D3-BF4B-00C04F79EFBC}") = "UiUtilities", "..\CleanDirectory\UiUtilities\UiUtilities.csproj", "{83243208-BD40-4755-A037-39E73A78DF87}"
EndProject
Project("{FAE04EC0-301F-11D3-BF4B-00C04F79EFBC}") = "WinManteCatalogoServ", "WinManteCatalogoServ\WinManteCatalogoServ.csproj", "{1EBA2386-133A-4C9E-B775-0B39F3977B83}"
EndProject
Project("{FAE04EC0-301F-11D3-BF4B-00C04F79EFBC}") = "WinUtiles", "WinUtiles\WinUtiles.csproj", "{CC7385B1-356F-48B0-836A-3B8DCD469981}"
EndProject
Project("{FAE04EC0-301F-11D3-BF4B-00C04F79EFBC}") = "WinTestDbConFactory", "WinTestDbConFactory\WinTestDbConFactory.csproj", "{A4EDF6AE-AF10-4D8E-B1B5-64AB29C504D4}"
EndProject
Project("{FAE04EC0-301F-11D3-BF4B-00C04F79EFBC}") = "DatabaseUtil", "..\MyUtilities\DatabaseUtil\DatabaseUtil.csproj", "{9443CDA4-6429-4D6D-880F-9DEA0D5CF234}"
EndProject
Project("{FAE04EC0-301F-11D3-BF4B-00C04F79EFBC}") = "WinTestOracleInterface", "WinTestOracleInterface\WinTestOracleInterface.csproj", "{E0D35E5E-5BCE-46ED-A415-3D4032D42A5A}"
EndProject
Project("{FAE04EC0-301F-11D3-BF4B-00C04F79EFBC}") = "WinCmpFondos", "WinCmpFondos\WinCmpFondos.csproj", "{2B6EF714-5C58-416B-B444-542979E57ED6}"
EndProject
Project("{FAE04EC0-301F-11D3-BF4B-00C04F79EFBC}") = "WinScarvDbObjects", "WinScarvDbObjects\WinScarvDbObjects.csproj", "{54B92171-AB02-499A-BC3B-399D2581B0E3}"
EndProject
Global
	GlobalSection(SubversionScc) = preSolution
		Svn-Managed = True
		Manager = AnkhSVN - Subversion Support for Visual Studio
	EndGlobalSection
	GlobalSection(SolutionConfigurationPlatforms) = preSolution
		Debug|Any CPU = Debug|Any CPU
		Release|Any CPU = Release|Any CPU
	EndGlobalSection
	GlobalSection(ProjectConfigurationPlatforms) = postSolution
		{1E4391BB-1BAA-4B3A-BCFD-3746387509E5}.Debug|Any CPU.ActiveCfg = Debug|Any CPU
		{1E4391BB-1BAA-4B3A-BCFD-3746387509E5}.Debug|Any CPU.Build.0 = Debug|Any CPU
		{1E4391BB-1BAA-4B3A-BCFD-3746387509E5}.Release|Any CPU.ActiveCfg = Release|Any CPU
		{1E4391BB-1BAA-4B3A-BCFD-3746387509E5}.Release|Any CPU.Build.0 = Release|Any CPU
		{7DE8DE11-4057-460F-878F-68BE3B3F4874}.Debug|Any CPU.ActiveCfg = Debug|Any CPU
		{7DE8DE11-4057-460F-878F-68BE3B3F4874}.Debug|Any CPU.Build.0 = Debug|Any CPU
		{7DE8DE11-4057-460F-878F-68BE3B3F4874}.Release|Any CPU.ActiveCfg = Release|Any CPU
		{7DE8DE11-4057-460F-878F-68BE3B3F4874}.Release|Any CPU.Build.0 = Release|Any CPU
		{01EEF488-28F5-46FD-9BCC-870975EF305B}.Debug|Any CPU.ActiveCfg = Debug|Any CPU
		{01EEF488-28F5-46FD-9BCC-870975EF305B}.Debug|Any CPU.Build.0 = Debug|Any CPU
		{01EEF488-28F5-46FD-9BCC-870975EF305B}.Release|Any CPU.ActiveCfg = Release|Any CPU
		{01EEF488-28F5-46FD-9BCC-870975EF305B}.Release|Any CPU.Build.0 = Release|Any CPU
		{9F809633-0C6D-49FB-933A-A7569F78C164}.Debug|Any CPU.ActiveCfg = Debug|Any CPU
		{9F809633-0C6D-49FB-933A-A7569F78C164}.Debug|Any CPU.Build.0 = Debug|Any CPU
		{9F809633-0C6D-49FB-933A-A7569F78C164}.Release|Any CPU.ActiveCfg = Release|Any CPU
		{9F809633-0C6D-49FB-933A-A7569F78C164}.Release|Any CPU.Build.0 = Release|Any CPU
		{2E45E715-7100-4947-8EDD-AB9361AA5E22}.Debug|Any CPU.ActiveCfg = Debug|Any CPU
		{2E45E715-7100-4947-8EDD-AB9361AA5E22}.Debug|Any CPU.Build.0 = Debug|Any CPU
		{2E45E715-7100-4947-8EDD-AB9361AA5E22}.Release|Any CPU.ActiveCfg = Release|Any CPU
		{2E45E715-7100-4947-8EDD-AB9361AA5E22}.Release|Any CPU.Build.0 = Release|Any CPU
		{96A47353-EDD6-4376-91A6-B6A2EAFAB8A9}.Debug|Any CPU.ActiveCfg = Debug|Any CPU
		{96A47353-EDD6-4376-91A6-B6A2EAFAB8A9}.Debug|Any CPU.Build.0 = Debug|Any CPU
		{96A47353-EDD6-4376-91A6-B6A2EAFAB8A9}.Release|Any CPU.ActiveCfg = Release|Any CPU
		{96A47353-EDD6-4376-91A6-B6A2EAFAB8A9}.Release|Any CPU.Build.0 = Release|Any CPU
		{5650B21D-7B33-4E46-A956-0B78DAEB184F}.Debug|Any CPU.ActiveCfg = Debug|Any CPU
		{5650B21D-7B33-4E46-A956-0B78DAEB184F}.Debug|Any CPU.Build.0 = Debug|Any CPU
		{5650B21D-7B33-4E46-A956-0B78DAEB184F}.Release|Any CPU.ActiveCfg = Release|Any CPU
		{5650B21D-7B33-4E46-A956-0B78DAEB184F}.Release|Any CPU.Build.0 = Release|Any CPU
		{58B6795A-2FA3-484E-8B5B-20CCC22EC24B}.Debug|Any CPU.ActiveCfg = Debug|Any CPU
		{58B6795A-2FA3-484E-8B5B-20CCC22EC24B}.Debug|Any CPU.Build.0 = Debug|Any CPU
		{58B6795A-2FA3-484E-8B5B-20CCC22EC24B}.Release|Any CPU.ActiveCfg = Release|Any CPU
		{58B6795A-2FA3-484E-8B5B-20CCC22EC24B}.Release|Any CPU.Build.0 = Release|Any CPU
		{EFADEBF2-8B81-4A3A-A4F6-0F42CE2E8050}.Debug|Any CPU.ActiveCfg = Debug|Any CPU
		{EFADEBF2-8B81-4A3A-A4F6-0F42CE2E8050}.Debug|Any CPU.Build.0 = Debug|Any CPU
		{EFADEBF2-8B81-4A3A-A4F6-0F42CE2E8050}.Release|Any CPU.ActiveCfg = Release|Any CPU
		{EFADEBF2-8B81-4A3A-A4F6-0F42CE2E8050}.Release|Any CPU.Build.0 = Release|Any CPU
		{461CE147-1D23-40BD-9C4D-CB40A7FCCD81}.Debug|Any CPU.ActiveCfg = Debug|Any CPU
		{461CE147-1D23-40BD-9C4D-CB40A7FCCD81}.Debug|Any CPU.Build.0 = Debug|Any CPU
		{461CE147-1D23-40BD-9C4D-CB40A7FCCD81}.Release|Any CPU.ActiveCfg = Release|Any CPU
		{461CE147-1D23-40BD-9C4D-CB40A7FCCD81}.Release|Any CPU.Build.0 = Release|Any CPU
		{8A2FC0B2-E839-4ED7-AFBD-0DE894DC2465}.Debug|Any CPU.ActiveCfg = Debug|Any CPU
		{8A2FC0B2-E839-4ED7-AFBD-0DE894DC2465}.Debug|Any CPU.Build.0 = Debug|Any CPU
		{8A2FC0B2-E839-4ED7-AFBD-0DE894DC2465}.Release|Any CPU.ActiveCfg = Release|Any CPU
		{8A2FC0B2-E839-4ED7-AFBD-0DE894DC2465}.Release|Any CPU.Build.0 = Release|Any CPU
		{E78E21E9-A289-4EBA-A647-37505AB71179}.Debug|Any CPU.ActiveCfg = Debug|Any CPU
		{E78E21E9-A289-4EBA-A647-37505AB71179}.Debug|Any CPU.Build.0 = Debug|Any CPU
		{E78E21E9-A289-4EBA-A647-37505AB71179}.Release|Any CPU.ActiveCfg = Release|Any CPU
		{E78E21E9-A289-4EBA-A647-37505AB71179}.Release|Any CPU.Build.0 = Release|Any CPU
		{EB3D66F1-1078-4253-9757-4A395693F19D}.Debug|Any CPU.ActiveCfg = Debug|Any CPU
		{EB3D66F1-1078-4253-9757-4A395693F19D}.Debug|Any CPU.Build.0 = Debug|Any CPU
		{EB3D66F1-1078-4253-9757-4A395693F19D}.Release|Any CPU.ActiveCfg = Release|Any CPU
		{EB3D66F1-1078-4253-9757-4A395693F19D}.Release|Any CPU.Build.0 = Release|Any CPU
		{D06A5205-3AE2-4775-AD9B-BCF346726DE6}.Debug|Any CPU.ActiveCfg = Debug|Any CPU
		{D06A5205-3AE2-4775-AD9B-BCF346726DE6}.Debug|Any CPU.Build.0 = Debug|Any CPU
		{D06A5205-3AE2-4775-AD9B-BCF346726DE6}.Release|Any CPU.ActiveCfg = Release|Any CPU
		{D06A5205-3AE2-4775-AD9B-BCF346726DE6}.Release|Any CPU.Build.0 = Release|Any CPU
		{68F84D9B-981C-4DA2-A777-FEA6D49D36C9}.Debug|Any CPU.ActiveCfg = Debug|Any CPU
		{68F84D9B-981C-4DA2-A777-FEA6D49D36C9}.Debug|Any CPU.Build.0 = Debug|Any CPU
		{68F84D9B-981C-4DA2-A777-FEA6D49D36C9}.Release|Any CPU.ActiveCfg = Release|Any CPU
		{68F84D9B-981C-4DA2-A777-FEA6D49D36C9}.Release|Any CPU.Build.0 = Release|Any CPU
		{4C2E62C5-77AE-4934-A35D-E6C144FF70DA}.Debug|Any CPU.ActiveCfg = Debug|Any CPU
		{4C2E62C5-77AE-4934-A35D-E6C144FF70DA}.Debug|Any CPU.Build.0 = Debug|Any CPU
		{4C2E62C5-77AE-4934-A35D-E6C144FF70DA}.Release|Any CPU.ActiveCfg = Release|Any CPU
		{4C2E62C5-77AE-4934-A35D-E6C144FF70DA}.Release|Any CPU.Build.0 = Release|Any CPU
		{83243208-BD40-4755-A037-39E73A78DF87}.Debug|Any CPU.ActiveCfg = Debug|Any CPU
		{83243208-BD40-4755-A037-39E73A78DF87}.Debug|Any CPU.Build.0 = Debug|Any CPU
		{83243208-BD40-4755-A037-39E73A78DF87}.Release|Any CPU.ActiveCfg = Release|Any CPU
		{83243208-BD40-4755-A037-39E73A78DF87}.Release|Any CPU.Build.0 = Release|Any CPU
		{1EBA2386-133A-4C9E-B775-0B39F3977B83}.Debug|Any CPU.ActiveCfg = Debug|Any CPU
		{1EBA2386-133A-4C9E-B775-0B39F3977B83}.Debug|Any CPU.Build.0 = Debug|Any CPU
		{1EBA2386-133A-4C9E-B775-0B39F3977B83}.Release|Any CPU.ActiveCfg = Release|Any CPU
		{1EBA2386-133A-4C9E-B775-0B39F3977B83}.Release|Any CPU.Build.0 = Release|Any CPU
		{CC7385B1-356F-48B0-836A-3B8DCD469981}.Debug|Any CPU.ActiveCfg = Debug|Any CPU
		{CC7385B1-356F-48B0-836A-3B8DCD469981}.Debug|Any CPU.Build.0 = Debug|Any CPU
		{CC7385B1-356F-48B0-836A-3B8DCD469981}.Release|Any CPU.ActiveCfg = Release|Any CPU
		{CC7385B1-356F-48B0-836A-3B8DCD469981}.Release|Any CPU.Build.0 = Release|Any CPU
		{A4EDF6AE-AF10-4D8E-B1B5-64AB29C504D4}.Debug|Any CPU.ActiveCfg = Debug|Any CPU
		{A4EDF6AE-AF10-4D8E-B1B5-64AB29C504D4}.Debug|Any CPU.Build.0 = Debug|Any CPU
		{A4EDF6AE-AF10-4D8E-B1B5-64AB29C504D4}.Release|Any CPU.ActiveCfg = Release|Any CPU
		{A4EDF6AE-AF10-4D8E-B1B5-64AB29C504D4}.Release|Any CPU.Build.0 = Release|Any CPU
		{9443CDA4-6429-4D6D-880F-9DEA0D5CF234}.Debug|Any CPU.ActiveCfg = Debug|Any CPU
		{9443CDA4-6429-4D6D-880F-9DEA0D5CF234}.Debug|Any CPU.Build.0 = Debug|Any CPU
		{9443CDA4-6429-4D6D-880F-9DEA0D5CF234}.Release|Any CPU.ActiveCfg = Release|Any CPU
		{9443CDA4-6429-4D6D-880F-9DEA0D5CF234}.Release|Any CPU.Build.0 = Release|Any CPU
		{E0D35E5E-5BCE-46ED-A415-3D4032D42A5A}.Debug|Any CPU.ActiveCfg = Debug|Any CPU
		{E0D35E5E-5BCE-46ED-A415-3D4032D42A5A}.Debug|Any CPU.Build.0 = Debug|Any CPU
		{E0D35E5E-5BCE-46ED-A415-3D4032D42A5A}.Release|Any CPU.ActiveCfg = Release|Any CPU
		{E0D35E5E-5BCE-46ED-A415-3D4032D42A5A}.Release|Any CPU.Build.0 = Release|Any CPU
		{2B6EF714-5C58-416B-B444-542979E57ED6}.Debug|Any CPU.ActiveCfg = Debug|Any CPU
		{2B6EF714-5C58-416B-B444-542979E57ED6}.Debug|Any CPU.Build.0 = Debug|Any CPU
		{2B6EF714-5C58-416B-B444-542979E57ED6}.Release|Any CPU.ActiveCfg = Release|Any CPU
		{2B6EF714-5C58-416B-B444-542979E57ED6}.Release|Any CPU.Build.0 = Release|Any CPU
		{54B92171-AB02-499A-BC3B-399D2581B0E3}.Debug|Any CPU.ActiveCfg = Debug|Any CPU
		{54B92171-AB02-499A-BC3B-399D2581B0E3}.Debug|Any CPU.Build.0 = Debug|Any CPU
		{54B92171-AB02-499A-BC3B-399D2581B0E3}.Release|Any CPU.ActiveCfg = Release|Any CPU
		{54B92171-AB02-499A-BC3B-399D2581B0E3}.Release|Any CPU.Build.0 = Release|Any CPU
	EndGlobalSection
	GlobalSection(SolutionProperties) = preSolution
		HideSolutionNode = FALSE
	EndGlobalSection
EndGlobal
